
Microsoft Visual Studio Solution File, Format Version 12.00
# Visual Studio Version 16
VisualStudioVersion = 16.0.30011.22
MinimumVisualStudioVersion = 10.0.40219.1
Project("{FAE04EC0-301F-11D3-BF4B-00C04F79EFBC}") = "ScheduleTestApp", "ScheduleTestApp\ScheduleTestApp.csproj", "{CED64A28-2F2B-4F0F-A790-5718B19F7088}"
EndProject
Project("{FAE04EC0-301F-11D3-BF4B-00C04F79EFBC}") = "ScheduleControl", "ScheduleControl\ScheduleControl.csproj", "{A256F5E3-51D3-4B51-9BFF-3274125268F6}"
EndProject
Global
	GlobalSection(SolutionConfigurationPlatforms) = preSolution
		Debug|Any CPU = Debug|Any CPU
		Release|Any CPU = Release|Any CPU
	EndGlobalSection
	GlobalSection(ProjectConfigurationPlatforms) = postSolution
		{CED64A28-2F2B-4F0F-A790-5718B19F7088}.Debug|Any CPU.ActiveCfg = Debug|Any CPU
		{CED64A28-2F2B-4F0F-A790-5718B19F7088}.Debug|Any CPU.Build.0 = Debug|Any CPU
		{CED64A28-2F2B-4F0F-A790-5718B19F7088}.Release|Any CPU.ActiveCfg = Release|Any CPU
		{CED64A28-2F2B-4F0F-A790-5718B19F7088}.Release|Any CPU.Build.0 = Release|Any CPU
		{A256F5E3-51D3-4B51-9BFF-3274125268F6}.Debug|Any CPU.ActiveCfg = Debug|Any CPU
		{A256F5E3-51D3-4B51-9BFF-3274125268F6}.Debug|Any CPU.Build.0 = Debug|Any CPU
		{A256F5E3-51D3-4B51-9BFF-3274125268F6}.Release|Any CPU.ActiveCfg = Release|Any CPU
		{A256F5E3-51D3-4B51-9BFF-3274125268F6}.Release|Any CPU.Build.0 = Release|Any CPU
	EndGlobalSection
	GlobalSection(SolutionProperties) = preSolution
		HideSolutionNode = FALSE
	EndGlobalSection
	GlobalSection(ExtensibilityGlobals) = postSolution
		SolutionGuid = {F120EE2F-D4E0-4F8E-852B-26E565A57F10}
	EndGlobalSection
EndGlobal
